// !$*UTF8*$!
{
	archiveVersion = 1;
	classes = {
	};
	objectVersion = 55;
	objects = {

/* Begin PBXBuildFile section */
		704189FF27F3BE2E00E72DF8 /* Tradesy_KMM_iOS_TrialApp.swift in Sources */ = {isa = PBXBuildFile; fileRef = 704189FE27F3BE2E00E72DF8 /* Tradesy_KMM_iOS_TrialApp.swift */; };
		70418A0127F3BE2E00E72DF8 /* ContentView.swift in Sources */ = {isa = PBXBuildFile; fileRef = 70418A0027F3BE2E00E72DF8 /* ContentView.swift */; };
		70418A0327F3BE3000E72DF8 /* Assets.xcassets in Resources */ = {isa = PBXBuildFile; fileRef = 70418A0227F3BE3000E72DF8 /* Assets.xcassets */; };
		70418A0627F3BE3000E72DF8 /* Preview Assets.xcassets in Resources */ = {isa = PBXBuildFile; fileRef = 70418A0527F3BE3000E72DF8 /* Preview Assets.xcassets */; };
		70418A1027F3BE3000E72DF8 /* Tradesy_KMM_iOS_TrialTests.swift in Sources */ = {isa = PBXBuildFile; fileRef = 70418A0F27F3BE3000E72DF8 /* Tradesy_KMM_iOS_TrialTests.swift */; };
		70418A1A27F3BE3000E72DF8 /* Tradesy_KMM_iOS_TrialUITests.swift in Sources */ = {isa = PBXBuildFile; fileRef = 70418A1927F3BE3000E72DF8 /* Tradesy_KMM_iOS_TrialUITests.swift */; };
		70418A1C27F3BE3000E72DF8 /* Tradesy_KMM_iOS_TrialUITestsLaunchTests.swift in Sources */ = {isa = PBXBuildFile; fileRef = 70418A1B27F3BE3000E72DF8 /* Tradesy_KMM_iOS_TrialUITestsLaunchTests.swift */; };
		70418A5027F5000300E72DF8 /* ContentViewModel.swift in Sources */ = {isa = PBXBuildFile; fileRef = 70418A4F27F5000300E72DF8 /* ContentViewModel.swift */; };
		70418A5227F5013300E72DF8 /* AsyncImage.swift in Sources */ = {isa = PBXBuildFile; fileRef = 70418A5127F5013300E72DF8 /* AsyncImage.swift */; };
		70418A5A27F5079500E72DF8 /* TradesyApiFramework.framework in Frameworks */ = {isa = PBXBuildFile; fileRef = 70418A4027F4D53800E72DF8 /* TradesyApiFramework.framework */; };
		70418A5B27F5079500E72DF8 /* TradesyApiFramework.framework in Embed Frameworks */ = {isa = PBXBuildFile; fileRef = 70418A4027F4D53800E72DF8 /* TradesyApiFramework.framework */; settings = {ATTRIBUTES = (CodeSignOnCopy, RemoveHeadersOnCopy, ); }; };
		E5198BAC57DE22A358F4EB88 /* Pods_Tradesy_KMM_iOS_Trial_Tradesy_KMM_iOS_TrialUITests.framework in Frameworks */ = {isa = PBXBuildFile; fileRef = B23DCA1DBA50AADBA64587CE /* Pods_Tradesy_KMM_iOS_Trial_Tradesy_KMM_iOS_TrialUITests.framework */; };
		F9AF95DECB665103B7161B3B /* Pods_Tradesy_KMM_iOS_TrialTests.framework in Frameworks */ = {isa = PBXBuildFile; fileRef = 19389026A136E4183F1C2C00 /* Pods_Tradesy_KMM_iOS_TrialTests.framework */; };
/* End PBXBuildFile section */

/* Begin PBXContainerItemProxy section */
		70418A0C27F3BE3000E72DF8 /* PBXContainerItemProxy */ = {
			isa = PBXContainerItemProxy;
			containerPortal = 704189F327F3BE2E00E72DF8 /* Project object */;
			proxyType = 1;
			remoteGlobalIDString = 704189FA27F3BE2E00E72DF8;
			remoteInfo = "Tradesy KMM iOS Trial";
		};
		70418A1627F3BE3000E72DF8 /* PBXContainerItemProxy */ = {
			isa = PBXContainerItemProxy;
			containerPortal = 704189F327F3BE2E00E72DF8 /* Project object */;
			proxyType = 1;
			remoteGlobalIDString = 704189FA27F3BE2E00E72DF8;
			remoteInfo = "Tradesy KMM iOS Trial";
		};
/* End PBXContainerItemProxy section */

/* Begin PBXCopyFilesBuildPhase section */
		70418A5C27F5079500E72DF8 /* Embed Frameworks */ = {
			isa = PBXCopyFilesBuildPhase;
			buildActionMask = 2147483647;
			dstPath = "";
			dstSubfolderSpec = 10;
			files = (
				70418A5B27F5079500E72DF8 /* TradesyApiFramework.framework in Embed Frameworks */,
			);
			name = "Embed Frameworks";
			runOnlyForDeploymentPostprocessing = 0;
		};
/* End PBXCopyFilesBuildPhase section */

/* Begin PBXFileReference section */
		0E8598152E9FE5370F2BDC31 /* Pods-Tradesy KMM iOS Trial-Tradesy KMM iOS TrialUITests.release.xcconfig */ = {isa = PBXFileReference; includeInIndex = 1; lastKnownFileType = text.xcconfig; name = "Pods-Tradesy KMM iOS Trial-Tradesy KMM iOS TrialUITests.release.xcconfig"; path = "Target Support Files/Pods-Tradesy KMM iOS Trial-Tradesy KMM iOS TrialUITests/Pods-Tradesy KMM iOS Trial-Tradesy KMM iOS TrialUITests.release.xcconfig"; sourceTree = "<group>"; };
		19389026A136E4183F1C2C00 /* Pods_Tradesy_KMM_iOS_TrialTests.framework */ = {isa = PBXFileReference; explicitFileType = wrapper.framework; includeInIndex = 0; path = Pods_Tradesy_KMM_iOS_TrialTests.framework; sourceTree = BUILT_PRODUCTS_DIR; };
		1CE1BB869255CD46B6F15990 /* Pods-Tradesy KMM iOS Trial.debug.xcconfig */ = {isa = PBXFileReference; includeInIndex = 1; lastKnownFileType = text.xcconfig; name = "Pods-Tradesy KMM iOS Trial.debug.xcconfig"; path = "Target Support Files/Pods-Tradesy KMM iOS Trial/Pods-Tradesy KMM iOS Trial.debug.xcconfig"; sourceTree = "<group>"; };
		271CDED952910C9653D7CEA4 /* Pods-Tradesy KMM iOS Trial.release.xcconfig */ = {isa = PBXFileReference; includeInIndex = 1; lastKnownFileType = text.xcconfig; name = "Pods-Tradesy KMM iOS Trial.release.xcconfig"; path = "Target Support Files/Pods-Tradesy KMM iOS Trial/Pods-Tradesy KMM iOS Trial.release.xcconfig"; sourceTree = "<group>"; };
		5B92D1CC1287C6993845A0D3 /* Pods-Tradesy KMM iOS TrialTests.release.xcconfig */ = {isa = PBXFileReference; includeInIndex = 1; lastKnownFileType = text.xcconfig; name = "Pods-Tradesy KMM iOS TrialTests.release.xcconfig"; path = "Target Support Files/Pods-Tradesy KMM iOS TrialTests/Pods-Tradesy KMM iOS TrialTests.release.xcconfig"; sourceTree = "<group>"; };
		704189FB27F3BE2E00E72DF8 /* Tradesy KMM iOS Trial.app */ = {isa = PBXFileReference; explicitFileType = wrapper.application; includeInIndex = 0; path = "Tradesy KMM iOS Trial.app"; sourceTree = BUILT_PRODUCTS_DIR; };
		704189FE27F3BE2E00E72DF8 /* Tradesy_KMM_iOS_TrialApp.swift */ = {isa = PBXFileReference; lastKnownFileType = sourcecode.swift; path = Tradesy_KMM_iOS_TrialApp.swift; sourceTree = "<group>"; };
		70418A0027F3BE2E00E72DF8 /* ContentView.swift */ = {isa = PBXFileReference; lastKnownFileType = sourcecode.swift; path = ContentView.swift; sourceTree = "<group>"; };
		70418A0227F3BE3000E72DF8 /* Assets.xcassets */ = {isa = PBXFileReference; lastKnownFileType = folder.assetcatalog; path = Assets.xcassets; sourceTree = "<group>"; };
		70418A0527F3BE3000E72DF8 /* Preview Assets.xcassets */ = {isa = PBXFileReference; lastKnownFileType = folder.assetcatalog; path = "Preview Assets.xcassets"; sourceTree = "<group>"; };
		70418A0B27F3BE3000E72DF8 /* Tradesy KMM iOS TrialTests.xctest */ = {isa = PBXFileReference; explicitFileType = wrapper.cfbundle; includeInIndex = 0; path = "Tradesy KMM iOS TrialTests.xctest"; sourceTree = BUILT_PRODUCTS_DIR; };
		70418A0F27F3BE3000E72DF8 /* Tradesy_KMM_iOS_TrialTests.swift */ = {isa = PBXFileReference; lastKnownFileType = sourcecode.swift; path = Tradesy_KMM_iOS_TrialTests.swift; sourceTree = "<group>"; };
		70418A1527F3BE3000E72DF8 /* Tradesy KMM iOS TrialUITests.xctest */ = {isa = PBXFileReference; explicitFileType = wrapper.cfbundle; includeInIndex = 0; path = "Tradesy KMM iOS TrialUITests.xctest"; sourceTree = BUILT_PRODUCTS_DIR; };
		70418A1927F3BE3000E72DF8 /* Tradesy_KMM_iOS_TrialUITests.swift */ = {isa = PBXFileReference; lastKnownFileType = sourcecode.swift; path = Tradesy_KMM_iOS_TrialUITests.swift; sourceTree = "<group>"; };
		70418A1B27F3BE3000E72DF8 /* Tradesy_KMM_iOS_TrialUITestsLaunchTests.swift */ = {isa = PBXFileReference; lastKnownFileType = sourcecode.swift; path = Tradesy_KMM_iOS_TrialUITestsLaunchTests.swift; sourceTree = "<group>"; };
		70418A2E27F4047D00E72DF8 /* releaseFramework */ = {isa = PBXFileReference; lastKnownFileType = folder; name = releaseFramework; path = ../../../android/TradesyKMMRD/shared/build/bin/iosX64/releaseFramework; sourceTree = "<group>"; };
		70418A2F27F404C600E72DF8 /* TradesyApiFramework.framework */ = {isa = PBXFileReference; lastKnownFileType = wrapper.framework; name = TradesyApiFramework.framework; path = ../../../android/TradesyKMMRD/shared/build/bin/iosX64/releaseFramework/TradesyApiFramework.framework; sourceTree = "<group>"; };
		70418A4027F4D53800E72DF8 /* TradesyApiFramework.framework */ = {isa = PBXFileReference; lastKnownFileType = wrapper.framework; name = TradesyApiFramework.framework; path = "../../../android/tradesy-kmm-library-trial/shared/build/bin/iosX64/releaseFramework/TradesyApiFramework.framework"; sourceTree = "<group>"; };
		70418A4F27F5000300E72DF8 /* ContentViewModel.swift */ = {isa = PBXFileReference; lastKnownFileType = sourcecode.swift; path = ContentViewModel.swift; sourceTree = "<group>"; };
		70418A5127F5013300E72DF8 /* AsyncImage.swift */ = {isa = PBXFileReference; lastKnownFileType = sourcecode.swift; path = AsyncImage.swift; sourceTree = "<group>"; };
		70418A5327F5044800E72DF8 /* TradesyApiFramework.framework */ = {isa = PBXFileReference; lastKnownFileType = wrapper.framework; name = TradesyApiFramework.framework; path = "../../../android/tradesy-kmm-library-trial/shared/build/bin/iosX64/podReleaseFramework/TradesyApiFramework.framework"; sourceTree = "<group>"; };
		71D5801D8ACEC0C2D027BE0A /* Pods-Tradesy KMM iOS Trial-Tradesy KMM iOS TrialUITests.debug.xcconfig */ = {isa = PBXFileReference; includeInIndex = 1; lastKnownFileType = text.xcconfig; name = "Pods-Tradesy KMM iOS Trial-Tradesy KMM iOS TrialUITests.debug.xcconfig"; path = "Target Support Files/Pods-Tradesy KMM iOS Trial-Tradesy KMM iOS TrialUITests/Pods-Tradesy KMM iOS Trial-Tradesy KMM iOS TrialUITests.debug.xcconfig"; sourceTree = "<group>"; };
		B23DCA1DBA50AADBA64587CE /* Pods_Tradesy_KMM_iOS_Trial_Tradesy_KMM_iOS_TrialUITests.framework */ = {isa = PBXFileReference; explicitFileType = wrapper.framework; includeInIndex = 0; path = Pods_Tradesy_KMM_iOS_Trial_Tradesy_KMM_iOS_TrialUITests.framework; sourceTree = BUILT_PRODUCTS_DIR; };
		B4F3F4B7068DBD4CEE9CAD8B /* Pods-Tradesy KMM iOS TrialTests.debug.xcconfig */ = {isa = PBXFileReference; includeInIndex = 1; lastKnownFileType = text.xcconfig; name = "Pods-Tradesy KMM iOS TrialTests.debug.xcconfig"; path = "Target Support Files/Pods-Tradesy KMM iOS TrialTests/Pods-Tradesy KMM iOS TrialTests.debug.xcconfig"; sourceTree = "<group>"; };
		CA559E5CA496A0FEA39C8CCA /* Pods_Tradesy_KMM_iOS_Trial.framework */ = {isa = PBXFileReference; explicitFileType = wrapper.framework; includeInIndex = 0; path = Pods_Tradesy_KMM_iOS_Trial.framework; sourceTree = BUILT_PRODUCTS_DIR; };
/* End PBXFileReference section */

/* Begin PBXFrameworksBuildPhase section */
		704189F827F3BE2E00E72DF8 /* Frameworks */ = {
			isa = PBXFrameworksBuildPhase;
			buildActionMask = 2147483647;
			files = (
				70418A5A27F5079500E72DF8 /* TradesyApiFramework.framework in Frameworks */,
			);
			runOnlyForDeploymentPostprocessing = 0;
		};
		70418A0827F3BE3000E72DF8 /* Frameworks */ = {
			isa = PBXFrameworksBuildPhase;
			buildActionMask = 2147483647;
			files = (
				F9AF95DECB665103B7161B3B /* Pods_Tradesy_KMM_iOS_TrialTests.framework in Frameworks */,
			);
			runOnlyForDeploymentPostprocessing = 0;
		};
		70418A1227F3BE3000E72DF8 /* Frameworks */ = {
			isa = PBXFrameworksBuildPhase;
			buildActionMask = 2147483647;
			files = (
				E5198BAC57DE22A358F4EB88 /* Pods_Tradesy_KMM_iOS_Trial_Tradesy_KMM_iOS_TrialUITests.framework in Frameworks */,
			);
			runOnlyForDeploymentPostprocessing = 0;
		};
/* End PBXFrameworksBuildPhase section */

/* Begin PBXGroup section */
		704189F227F3BE2E00E72DF8 = {
			isa = PBXGroup;
			children = (
				704189FD27F3BE2E00E72DF8 /* Tradesy KMM iOS Trial */,
				70418A0E27F3BE3000E72DF8 /* Tradesy KMM iOS TrialTests */,
				70418A1827F3BE3000E72DF8 /* Tradesy KMM iOS TrialUITests */,
				704189FC27F3BE2E00E72DF8 /* Products */,
				70418A2D27F4047D00E72DF8 /* Frameworks */,
				F63122263D8473F3242CB330 /* Pods */,
			);
			sourceTree = "<group>";
		};
		704189FC27F3BE2E00E72DF8 /* Products */ = {
			isa = PBXGroup;
			children = (
				704189FB27F3BE2E00E72DF8 /* Tradesy KMM iOS Trial.app */,
				70418A0B27F3BE3000E72DF8 /* Tradesy KMM iOS TrialTests.xctest */,
				70418A1527F3BE3000E72DF8 /* Tradesy KMM iOS TrialUITests.xctest */,
			);
			name = Products;
			sourceTree = "<group>";
		};
		704189FD27F3BE2E00E72DF8 /* Tradesy KMM iOS Trial */ = {
			isa = PBXGroup;
			children = (
				704189FE27F3BE2E00E72DF8 /* Tradesy_KMM_iOS_TrialApp.swift */,
				70418A0027F3BE2E00E72DF8 /* ContentView.swift */,
				70418A0227F3BE3000E72DF8 /* Assets.xcassets */,
				70418A0427F3BE3000E72DF8 /* Preview Content */,
				70418A4F27F5000300E72DF8 /* ContentViewModel.swift */,
				70418A5127F5013300E72DF8 /* AsyncImage.swift */,
			);
			path = "Tradesy KMM iOS Trial";
			sourceTree = "<group>";
		};
		70418A0427F3BE3000E72DF8 /* Preview Content */ = {
			isa = PBXGroup;
			children = (
				70418A0527F3BE3000E72DF8 /* Preview Assets.xcassets */,
			);
			path = "Preview Content";
			sourceTree = "<group>";
		};
		70418A0E27F3BE3000E72DF8 /* Tradesy KMM iOS TrialTests */ = {
			isa = PBXGroup;
			children = (
				70418A0F27F3BE3000E72DF8 /* Tradesy_KMM_iOS_TrialTests.swift */,
			);
			path = "Tradesy KMM iOS TrialTests";
			sourceTree = "<group>";
		};
		70418A1827F3BE3000E72DF8 /* Tradesy KMM iOS TrialUITests */ = {
			isa = PBXGroup;
			children = (
				70418A1927F3BE3000E72DF8 /* Tradesy_KMM_iOS_TrialUITests.swift */,
				70418A1B27F3BE3000E72DF8 /* Tradesy_KMM_iOS_TrialUITestsLaunchTests.swift */,
			);
			path = "Tradesy KMM iOS TrialUITests";
			sourceTree = "<group>";
		};
		70418A2D27F4047D00E72DF8 /* Frameworks */ = {
			isa = PBXGroup;
			children = (
				70418A2F27F404C600E72DF8 /* TradesyApiFramework.framework */,
				70418A4027F4D53800E72DF8 /* TradesyApiFramework.framework */,
				70418A5327F5044800E72DF8 /* TradesyApiFramework.framework */,
				70418A2E27F4047D00E72DF8 /* releaseFramework */,
				CA559E5CA496A0FEA39C8CCA /* Pods_Tradesy_KMM_iOS_Trial.framework */,
				B23DCA1DBA50AADBA64587CE /* Pods_Tradesy_KMM_iOS_Trial_Tradesy_KMM_iOS_TrialUITests.framework */,
				19389026A136E4183F1C2C00 /* Pods_Tradesy_KMM_iOS_TrialTests.framework */,
			);
			name = Frameworks;
			sourceTree = "<group>";
		};
		F63122263D8473F3242CB330 /* Pods */ = {
			isa = PBXGroup;
			children = (
				1CE1BB869255CD46B6F15990 /* Pods-Tradesy KMM iOS Trial.debug.xcconfig */,
				271CDED952910C9653D7CEA4 /* Pods-Tradesy KMM iOS Trial.release.xcconfig */,
				71D5801D8ACEC0C2D027BE0A /* Pods-Tradesy KMM iOS Trial-Tradesy KMM iOS TrialUITests.debug.xcconfig */,
				0E8598152E9FE5370F2BDC31 /* Pods-Tradesy KMM iOS Trial-Tradesy KMM iOS TrialUITests.release.xcconfig */,
				B4F3F4B7068DBD4CEE9CAD8B /* Pods-Tradesy KMM iOS TrialTests.debug.xcconfig */,
				5B92D1CC1287C6993845A0D3 /* Pods-Tradesy KMM iOS TrialTests.release.xcconfig */,
			);
			path = Pods;
			sourceTree = "<group>";
		};
/* End PBXGroup section */

/* Begin PBXNativeTarget section */
		704189FA27F3BE2E00E72DF8 /* Tradesy KMM iOS Trial */ = {
			isa = PBXNativeTarget;
			buildConfigurationList = 70418A1F27F3BE3000E72DF8 /* Build configuration list for PBXNativeTarget "Tradesy KMM iOS Trial" */;
			buildPhases = (
				DAE052CFFBC80FF5F30FB725 /* [CP] Check Pods Manifest.lock */,
				704189F727F3BE2E00E72DF8 /* Sources */,
				704189F827F3BE2E00E72DF8 /* Frameworks */,
				704189F927F3BE2E00E72DF8 /* Resources */,
				70418A5C27F5079500E72DF8 /* Embed Frameworks */,
			);
			buildRules = (
			);
			dependencies = (
			);
			name = "Tradesy KMM iOS Trial";
			productName = "Tradesy KMM iOS Trial";
			productReference = 704189FB27F3BE2E00E72DF8 /* Tradesy KMM iOS Trial.app */;
			productType = "com.apple.product-type.application";
		};
		70418A0A27F3BE3000E72DF8 /* Tradesy KMM iOS TrialTests */ = {
			isa = PBXNativeTarget;
			buildConfigurationList = 70418A2227F3BE3000E72DF8 /* Build configuration list for PBXNativeTarget "Tradesy KMM iOS TrialTests" */;
			buildPhases = (
				1C5E2C66A005695FF1DB2B65 /* [CP] Check Pods Manifest.lock */,
				70418A0727F3BE3000E72DF8 /* Sources */,
				70418A0827F3BE3000E72DF8 /* Frameworks */,
				70418A0927F3BE3000E72DF8 /* Resources */,
			);
			buildRules = (
			);
			dependencies = (
				70418A0D27F3BE3000E72DF8 /* PBXTargetDependency */,
			);
			name = "Tradesy KMM iOS TrialTests";
			productName = "Tradesy KMM iOS TrialTests";
			productReference = 70418A0B27F3BE3000E72DF8 /* Tradesy KMM iOS TrialTests.xctest */;
			productType = "com.apple.product-type.bundle.unit-test";
		};
		70418A1427F3BE3000E72DF8 /* Tradesy KMM iOS TrialUITests */ = {
			isa = PBXNativeTarget;
			buildConfigurationList = 70418A2527F3BE3000E72DF8 /* Build configuration list for PBXNativeTarget "Tradesy KMM iOS TrialUITests" */;
			buildPhases = (
				8106A6E9D0FB4FBA5F8BF247 /* [CP] Check Pods Manifest.lock */,
				70418A1127F3BE3000E72DF8 /* Sources */,
				70418A1227F3BE3000E72DF8 /* Frameworks */,
				70418A1327F3BE3000E72DF8 /* Resources */,
			);
			buildRules = (
			);
			dependencies = (
				70418A1727F3BE3000E72DF8 /* PBXTargetDependency */,
			);
			name = "Tradesy KMM iOS TrialUITests";
			productName = "Tradesy KMM iOS TrialUITests";
			productReference = 70418A1527F3BE3000E72DF8 /* Tradesy KMM iOS TrialUITests.xctest */;
			productType = "com.apple.product-type.bundle.ui-testing";
		};
/* End PBXNativeTarget section */

/* Begin PBXProject section */
		704189F327F3BE2E00E72DF8 /* Project object */ = {
			isa = PBXProject;
			attributes = {
				BuildIndependentTargetsInParallel = 1;
				LastSwiftUpdateCheck = 1330;
				LastUpgradeCheck = 1330;
				TargetAttributes = {
					704189FA27F3BE2E00E72DF8 = {
						CreatedOnToolsVersion = 13.3;
					};
					70418A0A27F3BE3000E72DF8 = {
						CreatedOnToolsVersion = 13.3;
						TestTargetID = 704189FA27F3BE2E00E72DF8;
					};
					70418A1427F3BE3000E72DF8 = {
						CreatedOnToolsVersion = 13.3;
						TestTargetID = 704189FA27F3BE2E00E72DF8;
					};
				};
			};
			buildConfigurationList = 704189F627F3BE2E00E72DF8 /* Build configuration list for PBXProject "Tradesy KMM iOS Trial" */;
			compatibilityVersion = "Xcode 13.0";
			developmentRegion = en;
			hasScannedForEncodings = 0;
			knownRegions = (
				en,
				Base,
			);
			mainGroup = 704189F227F3BE2E00E72DF8;
			productRefGroup = 704189FC27F3BE2E00E72DF8 /* Products */;
			projectDirPath = "";
			projectRoot = "";
			targets = (
				704189FA27F3BE2E00E72DF8 /* Tradesy KMM iOS Trial */,
				70418A0A27F3BE3000E72DF8 /* Tradesy KMM iOS TrialTests */,
				70418A1427F3BE3000E72DF8 /* Tradesy KMM iOS TrialUITests */,
			);
		};
/* End PBXProject section */

/* Begin PBXResourcesBuildPhase section */
		704189F927F3BE2E00E72DF8 /* Resources */ = {
			isa = PBXResourcesBuildPhase;
			buildActionMask = 2147483647;
			files = (
				70418A0627F3BE3000E72DF8 /* Preview Assets.xcassets in Resources */,
				70418A0327F3BE3000E72DF8 /* Assets.xcassets in Resources */,
			);
			runOnlyForDeploymentPostprocessing = 0;
		};
		70418A0927F3BE3000E72DF8 /* Resources */ = {
			isa = PBXResourcesBuildPhase;
			buildActionMask = 2147483647;
			files = (
			);
			runOnlyForDeploymentPostprocessing = 0;
		};
		70418A1327F3BE3000E72DF8 /* Resources */ = {
			isa = PBXResourcesBuildPhase;
			buildActionMask = 2147483647;
			files = (
			);
			runOnlyForDeploymentPostprocessing = 0;
		};
/* End PBXResourcesBuildPhase section */

/* Begin PBXShellScriptBuildPhase section */
		1C5E2C66A005695FF1DB2B65 /* [CP] Check Pods Manifest.lock */ = {
			isa = PBXShellScriptBuildPhase;
			buildActionMask = 2147483647;
			files = (
			);
			inputFileListPaths = (
			);
			inputPaths = (
				"${PODS_PODFILE_DIR_PATH}/Podfile.lock",
				"${PODS_ROOT}/Manifest.lock",
			);
			name = "[CP] Check Pods Manifest.lock";
			outputFileListPaths = (
			);
			outputPaths = (
				"$(DERIVED_FILE_DIR)/Pods-Tradesy KMM iOS TrialTests-checkManifestLockResult.txt",
			);
			runOnlyForDeploymentPostprocessing = 0;
			shellPath = /bin/sh;
			shellScript = "diff \"${PODS_PODFILE_DIR_PATH}/Podfile.lock\" \"${PODS_ROOT}/Manifest.lock\" > /dev/null\nif [ $? != 0 ] ; then\n    # print error to STDERR\n    echo \"error: The sandbox is not in sync with the Podfile.lock. Run 'pod install' or update your CocoaPods installation.\" >&2\n    exit 1\nfi\n# This output is used by Xcode 'outputs' to avoid re-running this script phase.\necho \"SUCCESS\" > \"${SCRIPT_OUTPUT_FILE_0}\"\n";
			showEnvVarsInLog = 0;
		};
		8106A6E9D0FB4FBA5F8BF247 /* [CP] Check Pods Manifest.lock */ = {
			isa = PBXShellScriptBuildPhase;
			buildActionMask = 2147483647;
			files = (
			);
			inputFileListPaths = (
			);
			inputPaths = (
				"${PODS_PODFILE_DIR_PATH}/Podfile.lock",
				"${PODS_ROOT}/Manifest.lock",
			);
			name = "[CP] Check Pods Manifest.lock";
			outputFileListPaths = (
			);
			outputPaths = (
				"$(DERIVED_FILE_DIR)/Pods-Tradesy KMM iOS Trial-Tradesy KMM iOS TrialUITests-checkManifestLockResult.txt",
			);
			runOnlyForDeploymentPostprocessing = 0;
			shellPath = /bin/sh;
			shellScript = "diff \"${PODS_PODFILE_DIR_PATH}/Podfile.lock\" \"${PODS_ROOT}/Manifest.lock\" > /dev/null\nif [ $? != 0 ] ; then\n    # print error to STDERR\n    echo \"error: The sandbox is not in sync with the Podfile.lock. Run 'pod install' or update your CocoaPods installation.\" >&2\n    exit 1\nfi\n# This output is used by Xcode 'outputs' to avoid re-running this script phase.\necho \"SUCCESS\" > \"${SCRIPT_OUTPUT_FILE_0}\"\n";
			showEnvVarsInLog = 0;
		};
		DAE052CFFBC80FF5F30FB725 /* [CP] Check Pods Manifest.lock */ = {
			isa = PBXShellScriptBuildPhase;
			buildActionMask = 2147483647;
			files = (
			);
			inputFileListPaths = (
			);
			inputPaths = (
				"${PODS_PODFILE_DIR_PATH}/Podfile.lock",
				"${PODS_ROOT}/Manifest.lock",
			);
			name = "[CP] Check Pods Manifest.lock";
			outputFileListPaths = (
			);
			outputPaths = (
				"$(DERIVED_FILE_DIR)/Pods-Tradesy KMM iOS Trial-checkManifestLockResult.txt",
			);
			runOnlyForDeploymentPostprocessing = 0;
			shellPath = /bin/sh;
			shellScript = "diff \"${PODS_PODFILE_DIR_PATH}/Podfile.lock\" \"${PODS_ROOT}/Manifest.lock\" > /dev/null\nif [ $? != 0 ] ; then\n    # print error to STDERR\n    echo \"error: The sandbox is not in sync with the Podfile.lock. Run 'pod install' or update your CocoaPods installation.\" >&2\n    exit 1\nfi\n# This output is used by Xcode 'outputs' to avoid re-running this script phase.\necho \"SUCCESS\" > \"${SCRIPT_OUTPUT_FILE_0}\"\n";
			showEnvVarsInLog = 0;
		};
/* End PBXShellScriptBuildPhase section */

/* Begin PBXSourcesBuildPhase section */
		704189F727F3BE2E00E72DF8 /* Sources */ = {
			isa = PBXSourcesBuildPhase;
			buildActionMask = 2147483647;
			files = (
				70418A5227F5013300E72DF8 /* AsyncImage.swift in Sources */,
				70418A0127F3BE2E00E72DF8 /* ContentView.swift in Sources */,
				704189FF27F3BE2E00E72DF8 /* Tradesy_KMM_iOS_TrialApp.swift in Sources */,
				70418A5027F5000300E72DF8 /* ContentViewModel.swift in Sources */,
			);
			runOnlyForDeploymentPostprocessing = 0;
		};
		70418A0727F3BE3000E72DF8 /* Sources */ = {
			isa = PBXSourcesBuildPhase;
			buildActionMask = 2147483647;
			files = (
				70418A1027F3BE3000E72DF8 /* Tradesy_KMM_iOS_TrialTests.swift in Sources */,
			);
			runOnlyForDeploymentPostprocessing = 0;
		};
		70418A1127F3BE3000E72DF8 /* Sources */ = {
			isa = PBXSourcesBuildPhase;
			buildActionMask = 2147483647;
			files = (
				70418A1C27F3BE3000E72DF8 /* Tradesy_KMM_iOS_TrialUITestsLaunchTests.swift in Sources */,
				70418A1A27F3BE3000E72DF8 /* Tradesy_KMM_iOS_TrialUITests.swift in Sources */,
			);
			runOnlyForDeploymentPostprocessing = 0;
		};
/* End PBXSourcesBuildPhase section */

/* Begin PBXTargetDependency section */
		70418A0D27F3BE3000E72DF8 /* PBXTargetDependency */ = {
			isa = PBXTargetDependency;
			target = 704189FA27F3BE2E00E72DF8 /* Tradesy KMM iOS Trial */;
			targetProxy = 70418A0C27F3BE3000E72DF8 /* PBXContainerItemProxy */;
		};
		70418A1727F3BE3000E72DF8 /* PBXTargetDependency */ = {
			isa = PBXTargetDependency;
			target = 704189FA27F3BE2E00E72DF8 /* Tradesy KMM iOS Trial */;
			targetProxy = 70418A1627F3BE3000E72DF8 /* PBXContainerItemProxy */;
		};
/* End PBXTargetDependency section */

/* Begin XCBuildConfiguration section */
		70418A1D27F3BE3000E72DF8 /* Debug */ = {
			isa = XCBuildConfiguration;
			buildSettings = {
				ALWAYS_SEARCH_USER_PATHS = NO;
				CLANG_ANALYZER_NONNULL = YES;
				CLANG_ANALYZER_NUMBER_OBJECT_CONVERSION = YES_AGGRESSIVE;
				CLANG_CXX_LANGUAGE_STANDARD = "gnu++17";
				CLANG_ENABLE_MODULES = YES;
				CLANG_ENABLE_OBJC_ARC = YES;
				CLANG_ENABLE_OBJC_WEAK = YES;
				CLANG_WARN_BLOCK_CAPTURE_AUTORELEASING = YES;
				CLANG_WARN_BOOL_CONVERSION = YES;
				CLANG_WARN_COMMA = YES;
				CLANG_WARN_CONSTANT_CONVERSION = YES;
				CLANG_WARN_DEPRECATED_OBJC_IMPLEMENTATIONS = YES;
				CLANG_WARN_DIRECT_OBJC_ISA_USAGE = YES_ERROR;
				CLANG_WARN_DOCUMENTATION_COMMENTS = YES;
				CLANG_WARN_EMPTY_BODY = YES;
				CLANG_WARN_ENUM_CONVERSION = YES;
				CLANG_WARN_INFINITE_RECURSION = YES;
				CLANG_WARN_INT_CONVERSION = YES;
				CLANG_WARN_NON_LITERAL_NULL_CONVERSION = YES;
				CLANG_WARN_OBJC_IMPLICIT_RETAIN_SELF = YES;
				CLANG_WARN_OBJC_LITERAL_CONVERSION = YES;
				CLANG_WARN_OBJC_ROOT_CLASS = YES_ERROR;
				CLANG_WARN_QUOTED_INCLUDE_IN_FRAMEWORK_HEADER = YES;
				CLANG_WARN_RANGE_LOOP_ANALYSIS = YES;
				CLANG_WARN_STRICT_PROTOTYPES = YES;
				CLANG_WARN_SUSPICIOUS_MOVE = YES;
				CLANG_WARN_UNGUARDED_AVAILABILITY = YES_AGGRESSIVE;
				CLANG_WARN_UNREACHABLE_CODE = YES;
				CLANG_WARN__DUPLICATE_METHOD_MATCH = YES;
				COPY_PHASE_STRIP = NO;
				DEBUG_INFORMATION_FORMAT = dwarf;
				ENABLE_STRICT_OBJC_MSGSEND = YES;
				ENABLE_TESTABILITY = YES;
				GCC_C_LANGUAGE_STANDARD = gnu11;
				GCC_DYNAMIC_NO_PIC = NO;
				GCC_NO_COMMON_BLOCKS = YES;
				GCC_OPTIMIZATION_LEVEL = 0;
				GCC_PREPROCESSOR_DEFINITIONS = (
					"DEBUG=1",
					"$(inherited)",
				);
				GCC_WARN_64_TO_32_BIT_CONVERSION = YES;
				GCC_WARN_ABOUT_RETURN_TYPE = YES_ERROR;
				GCC_WARN_UNDECLARED_SELECTOR = YES;
				GCC_WARN_UNINITIALIZED_AUTOS = YES_AGGRESSIVE;
				GCC_WARN_UNUSED_FUNCTION = YES;
				GCC_WARN_UNUSED_VARIABLE = YES;
				IPHONEOS_DEPLOYMENT_TARGET = 15.4;
				MTL_ENABLE_DEBUG_INFO = INCLUDE_SOURCE;
				MTL_FAST_MATH = YES;
				ONLY_ACTIVE_ARCH = YES;
				SDKROOT = iphoneos;
				SWIFT_ACTIVE_COMPILATION_CONDITIONS = DEBUG;
				SWIFT_OPTIMIZATION_LEVEL = "-Onone";
			};
			name = Debug;
		};
		70418A1E27F3BE3000E72DF8 /* Release */ = {
			isa = XCBuildConfiguration;
			buildSettings = {
				ALWAYS_SEARCH_USER_PATHS = NO;
				CLANG_ANALYZER_NONNULL = YES;
				CLANG_ANALYZER_NUMBER_OBJECT_CONVERSION = YES_AGGRESSIVE;
				CLANG_CXX_LANGUAGE_STANDARD = "gnu++17";
				CLANG_ENABLE_MODULES = YES;
				CLANG_ENABLE_OBJC_ARC = YES;
				CLANG_ENABLE_OBJC_WEAK = YES;
				CLANG_WARN_BLOCK_CAPTURE_AUTORELEASING = YES;
				CLANG_WARN_BOOL_CONVERSION = YES;
				CLANG_WARN_COMMA = YES;
				CLANG_WARN_CONSTANT_CONVERSION = YES;
				CLANG_WARN_DEPRECATED_OBJC_IMPLEMENTATIONS = YES;
				CLANG_WARN_DIRECT_OBJC_ISA_USAGE = YES_ERROR;
				CLANG_WARN_DOCUMENTATION_COMMENTS = YES;
				CLANG_WARN_EMPTY_BODY = YES;
				CLANG_WARN_ENUM_CONVERSION = YES;
				CLANG_WARN_INFINITE_RECURSION = YES;
				CLANG_WARN_INT_CONVERSION = YES;
				CLANG_WARN_NON_LITERAL_NULL_CONVERSION = YES;
				CLANG_WARN_OBJC_IMPLICIT_RETAIN_SELF = YES;
				CLANG_WARN_OBJC_LITERAL_CONVERSION = YES;
				CLANG_WARN_OBJC_ROOT_CLASS = YES_ERROR;
				CLANG_WARN_QUOTED_INCLUDE_IN_FRAMEWORK_HEADER = YES;
				CLANG_WARN_RANGE_LOOP_ANALYSIS = YES;
				CLANG_WARN_STRICT_PROTOTYPES = YES;
				CLANG_WARN_SUSPICIOUS_MOVE = YES;
				CLANG_WARN_UNGUARDED_AVAILABILITY = YES_AGGRESSIVE;
				CLANG_WARN_UNREACHABLE_CODE = YES;
				CLANG_WARN__DUPLICATE_METHOD_MATCH = YES;
				COPY_PHASE_STRIP = NO;
				DEBUG_INFORMATION_FORMAT = "dwarf-with-dsym";
				ENABLE_NS_ASSERTIONS = NO;
				ENABLE_STRICT_OBJC_MSGSEND = YES;
				GCC_C_LANGUAGE_STANDARD = gnu11;
				GCC_NO_COMMON_BLOCKS = YES;
				GCC_WARN_64_TO_32_BIT_CONVERSION = YES;
				GCC_WARN_ABOUT_RETURN_TYPE = YES_ERROR;
				GCC_WARN_UNDECLARED_SELECTOR = YES;
				GCC_WARN_UNINITIALIZED_AUTOS = YES_AGGRESSIVE;
				GCC_WARN_UNUSED_FUNCTION = YES;
				GCC_WARN_UNUSED_VARIABLE = YES;
				IPHONEOS_DEPLOYMENT_TARGET = 15.4;
				MTL_ENABLE_DEBUG_INFO = NO;
				MTL_FAST_MATH = YES;
				SDKROOT = iphoneos;
				SWIFT_COMPILATION_MODE = wholemodule;
				SWIFT_OPTIMIZATION_LEVEL = "-O";
				VALIDATE_PRODUCT = YES;
			};
			name = Release;
		};
		70418A2027F3BE3000E72DF8 /* Debug */ = {
			isa = XCBuildConfiguration;
			baseConfigurationReference = 1CE1BB869255CD46B6F15990 /* Pods-Tradesy KMM iOS Trial.debug.xcconfig */;
			buildSettings = {
				ASSETCATALOG_COMPILER_APPICON_NAME = AppIcon;
				ASSETCATALOG_COMPILER_GLOBAL_ACCENT_COLOR_NAME = AccentColor;
				CODE_SIGN_STYLE = Automatic;
				CURRENT_PROJECT_VERSION = 1;
				DEVELOPMENT_ASSET_PATHS = "\"Tradesy KMM iOS Trial/Preview Content\"";
				ENABLE_PREVIEWS = YES;
				FRAMEWORK_SEARCH_PATHS = "../../../android/tradesy-kmm-library-trial/shared/build/bin/iosX64/releaseFramework/**";
				GENERATE_INFOPLIST_FILE = YES;
				INFOPLIST_KEY_UIApplicationSceneManifest_Generation = YES;
				INFOPLIST_KEY_UIApplicationSupportsIndirectInputEvents = YES;
				INFOPLIST_KEY_UILaunchScreen_Generation = YES;
				INFOPLIST_KEY_UISupportedInterfaceOrientations_iPad = "UIInterfaceOrientationPortrait UIInterfaceOrientationPortraitUpsideDown UIInterfaceOrientationLandscapeLeft UIInterfaceOrientationLandscapeRight";
				INFOPLIST_KEY_UISupportedInterfaceOrientations_iPhone = "UIInterfaceOrientationPortrait UIInterfaceOrientationLandscapeLeft UIInterfaceOrientationLandscapeRight";
				LD_RUNPATH_SEARCH_PATHS = (
					"$(inherited)",
					"@executable_path/Frameworks",
				);
				MARKETING_VERSION = 1.0;
				PRODUCT_BUNDLE_IDENTIFIER = "com.example.tradesy-kmm-ios-trial.Tradesy-KMM-iOS-Trial";
				PRODUCT_NAME = "$(TARGET_NAME)";
				SWIFT_EMIT_LOC_STRINGS = YES;
				SWIFT_VERSION = 5.0;
				TARGETED_DEVICE_FAMILY = "1,2";
			};
			name = Debug;
		};
		70418A2127F3BE3000E72DF8 /* Release */ = {
			isa = XCBuildConfiguration;
			baseConfigurationReference = 271CDED952910C9653D7CEA4 /* Pods-Tradesy KMM iOS Trial.release.xcconfig */;
			buildSettings = {
				ASSETCATALOG_COMPILER_APPICON_NAME = AppIcon;
				ASSETCATALOG_COMPILER_GLOBAL_ACCENT_COLOR_NAME = AccentColor;
				CODE_SIGN_STYLE = Automatic;
				CURRENT_PROJECT_VERSION = 1;
				DEVELOPMENT_ASSET_PATHS = "\"Tradesy KMM iOS Trial/Preview Content\"";
				ENABLE_PREVIEWS = YES;
				FRAMEWORK_SEARCH_PATHS = "../../../android/tradesy-kmm-library-trial/shared/build/bin/iosX64/releaseFramework/**";
				GENERATE_INFOPLIST_FILE = YES;
				INFOPLIST_KEY_UIApplicationSceneManifest_Generation = YES;
				INFOPLIST_KEY_UIApplicationSupportsIndirectInputEvents = YES;
				INFOPLIST_KEY_UILaunchScreen_Generation = YES;
				INFOPLIST_KEY_UISupportedInterfaceOrientations_iPad = "UIInterfaceOrientationPortrait UIInterfaceOrientationPortraitUpsideDown UIInterfaceOrientationLandscapeLeft UIInterfaceOrientationLandscapeRight";
				INFOPLIST_KEY_UISupportedInterfaceOrientations_iPhone = "UIInterfaceOrientationPortrait UIInterfaceOrientationLandscapeLeft UIInterfaceOrientationLandscapeRight";
				LD_RUNPATH_SEARCH_PATHS = (
					"$(inherited)",
					"@executable_path/Frameworks",
				);
				MARKETING_VERSION = 1.0;
				PRODUCT_BUNDLE_IDENTIFIER = "com.example.tradesy-kmm-ios-trial.Tradesy-KMM-iOS-Trial";
				PRODUCT_NAME = "$(TARGET_NAME)";
				SWIFT_EMIT_LOC_STRINGS = YES;
				SWIFT_VERSION = 5.0;
				TARGETED_DEVICE_FAMILY = "1,2";
			};
			name = Release;
		};
		70418A2327F3BE3000E72DF8 /* Debug */ = {
			isa = XCBuildConfiguration;
			baseConfigurationReference = B4F3F4B7068DBD4CEE9CAD8B /* Pods-Tradesy KMM iOS TrialTests.debug.xcconfig */;
			buildSettings = {
				ALWAYS_EMBED_SWIFT_STANDARD_LIBRARIES = YES;
				BUNDLE_LOADER = "$(TEST_HOST)";
				CODE_SIGN_STYLE = Automatic;
				CURRENT_PROJECT_VERSION = 1;
				GENERATE_INFOPLIST_FILE = YES;
				IPHONEOS_DEPLOYMENT_TARGET = 15.4;
				MARKETING_VERSION = 1.0;
				PRODUCT_BUNDLE_IDENTIFIER = "com.example.tradesy-kmm-ios-trial.Tradesy-KMM-iOS-TrialTests";
				PRODUCT_NAME = "$(TARGET_NAME)";
				SWIFT_EMIT_LOC_STRINGS = NO;
				SWIFT_VERSION = 5.0;
				TARGETED_DEVICE_FAMILY = "1,2";
				TEST_HOST = "$(BUILT_PRODUCTS_DIR)/Tradesy KMM iOS Trial.app/Tradesy KMM iOS Trial";
			};
			name = Debug;
		};
		70418A2427F3BE3000E72DF8 /* Release */ = {
			isa = XCBuildConfiguration;
			baseConfigurationReference = 5B92D1CC1287C6993845A0D3 /* Pods-Tradesy KMM iOS TrialTests.release.xcconfig */;
			buildSettings = {
				ALWAYS_EMBED_SWIFT_STANDARD_LIBRARIES = YES;
				BUNDLE_LOADER = "$(TEST_HOST)";
				CODE_SIGN_STYLE = Automatic;
				CURRENT_PROJECT_VERSION = 1;
				GENERATE_INFOPLIST_FILE = YES;
				IPHONEOS_DEPLOYMENT_TARGET = 15.4;
				MARKETING_VERSION = 1.0;
				PRODUCT_BUNDLE_IDENTIFIER = "com.example.tradesy-kmm-ios-trial.Tradesy-KMM-iOS-TrialTests";
				PRODUCT_NAME = "$(TARGET_NAME)";
				SWIFT_EMIT_LOC_STRINGS = NO;
				SWIFT_VERSION = 5.0;
				TARGETED_DEVICE_FAMILY = "1,2";
				TEST_HOST = "$(BUILT_PRODUCTS_DIR)/Tradesy KMM iOS Trial.app/Tradesy KMM iOS Trial";
			};
			name = Release;
		};
		70418A2627F3BE3000E72DF8 /* Debug */ = {
			isa = XCBuildConfiguration;
			baseConfigurationReference = 71D5801D8ACEC0C2D027BE0A /* Pods-Tradesy KMM iOS Trial-Tradesy KMM iOS TrialUITests.debug.xcconfig */;
			buildSettings = {
				ALWAYS_EMBED_SWIFT_STANDARD_LIBRARIES = YES;
				CODE_SIGN_STYLE = Automatic;
				CURRENT_PROJECT_VERSION = 1;
				GENERATE_INFOPLIST_FILE = YES;
				MARKETING_VERSION = 1.0;
				PRODUCT_BUNDLE_IDENTIFIER = "com.example.tradesy-kmm-ios-trial.Tradesy-KMM-iOS-TrialUITests";
				PRODUCT_NAME = "$(TARGET_NAME)";
				SWIFT_EMIT_LOC_STRINGS = NO;
				SWIFT_VERSION = 5.0;
				TARGETED_DEVICE_FAMILY = "1,2";
				TEST_TARGET_NAME = "Tradesy KMM iOS Trial";
			};
			name = Debug;
		};
		70418A2727F3BE3000E72DF8 /* Release */ = {
			isa = XCBuildConfiguration;
			baseConfigurationReference = 0E8598152E9FE5370F2BDC31 /* Pods-Tradesy KMM iOS Trial-Tradesy KMM iOS TrialUITests.release.xcconfig */;
			buildSettings = {
				ALWAYS_EMBED_SWIFT_STANDARD_LIBRARIES = YES;
				CODE_SIGN_STYLE = Automatic;
				CURRENT_PROJECT_VERSION = 1;
				GENERATE_INFOPLIST_FILE = YES;
				MARKETING_VERSION = 1.0;
				PRODUCT_BUNDLE_IDENTIFIER = "com.example.tradesy-kmm-ios-trial.Tradesy-KMM-iOS-TrialUITests";
				PRODUCT_NAME = "$(TARGET_NAME)";
				SWIFT_EMIT_LOC_STRINGS = NO;
				SWIFT_VERSION = 5.0;
				TARGETED_DEVICE_FAMILY = "1,2";
				TEST_TARGET_NAME = "Tradesy KMM iOS Trial";
			};
			name = Release;
		};
/* End XCBuildConfiguration section */

/* Begin XCConfigurationList section */
		704189F627F3BE2E00E72DF8 /* Build configuration list for PBXProject "Tradesy KMM iOS Trial" */ = {
			isa = XCConfigurationList;
			buildConfigurations = (
				70418A1D27F3BE3000E72DF8 /* Debug */,
				70418A1E27F3BE3000E72DF8 /* Release */,
			);
			defaultConfigurationIsVisible = 0;
			defaultConfigurationName = Release;
		};
		70418A1F27F3BE3000E72DF8 /* Build configuration list for PBXNativeTarget "Tradesy KMM iOS Trial" */ = {
			isa = XCConfigurationList;
			buildConfigurations = (
				70418A2027F3BE3000E72DF8 /* Debug */,
				70418A2127F3BE3000E72DF8 /* Release */,
			);
			defaultConfigurationIsVisible = 0;
			defaultConfigurationName = Release;
		};
		70418A2227F3BE3000E72DF8 /* Build configuration list for PBXNativeTarget "Tradesy KMM iOS TrialTests" */ = {
			isa = XCConfigurationList;
			buildConfigurations = (
				70418A2327F3BE3000E72DF8 /* Debug */,
				70418A2427F3BE3000E72DF8 /* Release */,
			);
			defaultConfigurationIsVisible = 0;
			defaultConfigurationName = Release;
		};
		70418A2527F3BE3000E72DF8 /* Build configuration list for PBXNativeTarget "Tradesy KMM iOS TrialUITests" */ = {
			isa = XCConfigurationList;
			buildConfigurations = (
				70418A2627F3BE3000E72DF8 /* Debug */,
				70418A2727F3BE3000E72DF8 /* Release */,
			);
			defaultConfigurationIsVisible = 0;
			defaultConfigurationName = Release;
		};
/* End XCConfigurationList section */
	};
	rootObject = 704189F327F3BE2E00E72DF8 /* Project object */;
}
